// !$*UTF8*$!
{
	archiveVersion = 1;
	classes = {
	};
	objectVersion = 56;
	objects = {

/* Begin PBXBuildFile section */
		AE00F3992B0529CC00B8D9D2 /* ProfileView.swift in Sources */ = {isa = PBXBuildFile; fileRef = AE00F3982B0529CC00B8D9D2 /* ProfileView.swift */; };
		AE00F39B2B052CA000B8D9D2 /* MainViewModel.swift in Sources */ = {isa = PBXBuildFile; fileRef = AE00F39A2B052CA000B8D9D2 /* MainViewModel.swift */; };
		AE5F71C32B0411D500992CB7 /* OverwatchAPIApp.swift in Sources */ = {isa = PBXBuildFile; fileRef = AE5F71C22B0411D500992CB7 /* OverwatchAPIApp.swift */; };
		AE5F71C52B0411D500992CB7 /* ContentView.swift in Sources */ = {isa = PBXBuildFile; fileRef = AE5F71C42B0411D500992CB7 /* ContentView.swift */; };
		AE5F71C72B0411D600992CB7 /* Assets.xcassets in Resources */ = {isa = PBXBuildFile; fileRef = AE5F71C62B0411D600992CB7 /* Assets.xcassets */; };
		AE5F71CA2B0411D600992CB7 /* Preview Assets.xcassets in Resources */ = {isa = PBXBuildFile; fileRef = AE5F71C92B0411D600992CB7 /* Preview Assets.xcassets */; };
		AE5F71D12B04124900992CB7 /* Network.swift in Sources */ = {isa = PBXBuildFile; fileRef = AE5F71D02B04124900992CB7 /* Network.swift */; };
		AE5F71D32B04126400992CB7 /* Player.swift in Sources */ = {isa = PBXBuildFile; fileRef = AE5F71D22B04126400992CB7 /* Player.swift */; };
		AE5F71D52B042DE100992CB7 /* Extension.swift in Sources */ = {isa = PBXBuildFile; fileRef = AE5F71D42B042DE100992CB7 /* Extension.swift */; };
/* End PBXBuildFile section */

/* Begin PBXFileReference section */
		AE00F3982B0529CC00B8D9D2 /* ProfileView.swift */ = {isa = PBXFileReference; lastKnownFileType = sourcecode.swift; path = ProfileView.swift; sourceTree = "<group>"; };
		AE00F39A2B052CA000B8D9D2 /* MainViewModel.swift */ = {isa = PBXFileReference; lastKnownFileType = sourcecode.swift; path = MainViewModel.swift; sourceTree = "<group>"; };
		AE5F71BF2B0411D500992CB7 /* OverwatchAPI.app */ = {isa = PBXFileReference; explicitFileType = wrapper.application; includeInIndex = 0; path = OverwatchAPI.app; sourceTree = BUILT_PRODUCTS_DIR; };
		AE5F71C22B0411D500992CB7 /* OverwatchAPIApp.swift */ = {isa = PBXFileReference; lastKnownFileType = sourcecode.swift; path = OverwatchAPIApp.swift; sourceTree = "<group>"; };
		AE5F71C42B0411D500992CB7 /* ContentView.swift */ = {isa = PBXFileReference; lastKnownFileType = sourcecode.swift; path = ContentView.swift; sourceTree = "<group>"; };
		AE5F71C62B0411D600992CB7 /* Assets.xcassets */ = {isa = PBXFileReference; lastKnownFileType = folder.assetcatalog; path = Assets.xcassets; sourceTree = "<group>"; };
		AE5F71C92B0411D600992CB7 /* Preview Assets.xcassets */ = {isa = PBXFileReference; lastKnownFileType = folder.assetcatalog; path = "Preview Assets.xcassets"; sourceTree = "<group>"; };
		AE5F71D02B04124900992CB7 /* Network.swift */ = {isa = PBXFileReference; lastKnownFileType = sourcecode.swift; path = Network.swift; sourceTree = "<group>"; };
		AE5F71D22B04126400992CB7 /* Player.swift */ = {isa = PBXFileReference; lastKnownFileType = sourcecode.swift; path = Player.swift; sourceTree = "<group>"; };
		AE5F71D42B042DE100992CB7 /* Extension.swift */ = {isa = PBXFileReference; lastKnownFileType = sourcecode.swift; path = Extension.swift; sourceTree = "<group>"; };
/* End PBXFileReference section */

/* Begin PBXFrameworksBuildPhase section */
		AE5F71BC2B0411D500992CB7 /* Frameworks */ = {
			isa = PBXFrameworksBuildPhase;
			buildActionMask = 2147483647;
			files = (
			);
			runOnlyForDeploymentPostprocessing = 0;
		};
/* End PBXFrameworksBuildPhase section */

/* Begin PBXGroup section */
		AE5F71B62B0411D500992CB7 = {
			isa = PBXGroup;
			children = (
				AE5F71C12B0411D500992CB7 /* OverwatchAPI */,
				AE5F71C02B0411D500992CB7 /* Products */,
			);
			sourceTree = "<group>";
		};
		AE5F71C02B0411D500992CB7 /* Products */ = {
			isa = PBXGroup;
			children = (
				AE5F71BF2B0411D500992CB7 /* OverwatchAPI.app */,
			);
			name = Products;
			sourceTree = "<group>";
		};
		AE5F71C12B0411D500992CB7 /* OverwatchAPI */ = {
			isa = PBXGroup;
			children = (
				AE5F71C22B0411D500992CB7 /* OverwatchAPIApp.swift */,
				AE5F71C42B0411D500992CB7 /* ContentView.swift */,
				AE00F3982B0529CC00B8D9D2 /* ProfileView.swift */,
				AE00F39A2B052CA000B8D9D2 /* MainViewModel.swift */,
				AE5F71D02B04124900992CB7 /* Network.swift */,
				AE5F71D22B04126400992CB7 /* Player.swift */,
				AE5F71D42B042DE100992CB7 /* Extension.swift */,
				AE5F71C62B0411D600992CB7 /* Assets.xcassets */,
				AE5F71C82B0411D600992CB7 /* Preview Content */,
			);
			path = OverwatchAPI;
			sourceTree = "<group>";
		};
		AE5F71C82B0411D600992CB7 /* Preview Content */ = {
			isa = PBXGroup;
			children = (
				AE5F71C92B0411D600992CB7 /* Preview Assets.xcassets */,
			);
			path = "Preview Content";
			sourceTree = "<group>";
		};
/* End PBXGroup section */

/* Begin PBXNativeTarget section */
		AE5F71BE2B0411D500992CB7 /* OverwatchAPI */ = {
			isa = PBXNativeTarget;
			buildConfigurationList = AE5F71CD2B0411D600992CB7 /* Build configuration list for PBXNativeTarget "OverwatchAPI" */;
			buildPhases = (
				AE5F71BB2B0411D500992CB7 /* Sources */,
				AE5F71BC2B0411D500992CB7 /* Frameworks */,
				AE5F71BD2B0411D500992CB7 /* Resources */,
			);
			buildRules = (
			);
			dependencies = (
			);
			name = OverwatchAPI;
			productName = OverwatchAPI;
			productReference = AE5F71BF2B0411D500992CB7 /* OverwatchAPI.app */;
			productType = "com.apple.product-type.application";
		};
/* End PBXNativeTarget section */

/* Begin PBXProject section */
		AE5F71B72B0411D500992CB7 /* Project object */ = {
			isa = PBXProject;
			attributes = {
				BuildIndependentTargetsInParallel = 1;
				LastSwiftUpdateCheck = 1500;
				LastUpgradeCheck = 1500;
				TargetAttributes = {
					AE5F71BE2B0411D500992CB7 = {
						CreatedOnToolsVersion = 15.0.1;
					};
				};
			};
			buildConfigurationList = AE5F71BA2B0411D500992CB7 /* Build configuration list for PBXProject "OverwatchAPI" */;
			compatibilityVersion = "Xcode 14.0";
			developmentRegion = ko;
			hasScannedForEncodings = 0;
			knownRegions = (
				en,
				Base,
				ko,
			);
			mainGroup = AE5F71B62B0411D500992CB7;
			productRefGroup = AE5F71C02B0411D500992CB7 /* Products */;
			projectDirPath = "";
			projectRoot = "";
			targets = (
				AE5F71BE2B0411D500992CB7 /* OverwatchAPI */,
			);
		};
/* End PBXProject section */

/* Begin PBXResourcesBuildPhase section */
		AE5F71BD2B0411D500992CB7 /* Resources */ = {
			isa = PBXResourcesBuildPhase;
			buildActionMask = 2147483647;
			files = (
				AE5F71CA2B0411D600992CB7 /* Preview Assets.xcassets in Resources */,
				AE5F71C72B0411D600992CB7 /* Assets.xcassets in Resources */,
			);
			runOnlyForDeploymentPostprocessing = 0;
		};
/* End PBXResourcesBuildPhase section */

/* Begin PBXSourcesBuildPhase section */
		AE5F71BB2B0411D500992CB7 /* Sources */ = {
			isa = PBXSourcesBuildPhase;
			buildActionMask = 2147483647;
			files = (
				AE00F39B2B052CA000B8D9D2 /* MainViewModel.swift in Sources */,
				AE5F71D32B04126400992CB7 /* Player.swift in Sources */,
				AE5F71C52B0411D500992CB7 /* ContentView.swift in Sources */,
				AE5F71C32B0411D500992CB7 /* OverwatchAPIApp.swift in Sources */,
				AE5F71D52B042DE100992CB7 /* Extension.swift in Sources */,
				AE00F3992B0529CC00B8D9D2 /* ProfileView.swift in Sources */,
				AE5F71D12B04124900992CB7 /* Network.swift in Sources */,
			);
			runOnlyForDeploymentPostprocessing = 0;
		};
/* End PBXSourcesBuildPhase section */

/* Begin XCBuildConfiguration section */
		AE5F71CB2B0411D600992CB7 /* Debug */ = {
			isa = XCBuildConfiguration;
			buildSettings = {
				ALWAYS_SEARCH_USER_PATHS = NO;
				ASSETCATALOG_COMPILER_GENERATE_SWIFT_ASSET_SYMBOL_EXTENSIONS = YES;
				CLANG_ANALYZER_NONNULL = YES;
				CLANG_ANALYZER_NUMBER_OBJECT_CONVERSION = YES_AGGRESSIVE;
				CLANG_CXX_LANGUAGE_STANDARD = "gnu++20";
				CLANG_ENABLE_MODULES = YES;
				CLANG_ENABLE_OBJC_ARC = YES;
				CLANG_ENABLE_OBJC_WEAK = YES;
				CLANG_WARN_BLOCK_CAPTURE_AUTORELEASING = YES;
				CLANG_WARN_BOOL_CONVERSION = YES;
				CLANG_WARN_COMMA = YES;
				CLANG_WARN_CONSTANT_CONVERSION = YES;
				CLANG_WARN_DEPRECATED_OBJC_IMPLEMENTATIONS = YES;
				CLANG_WARN_DIRECT_OBJC_ISA_USAGE = YES_ERROR;
				CLANG_WARN_DOCUMENTATION_COMMENTS = YES;
				CLANG_WARN_EMPTY_BODY = YES;
				CLANG_WARN_ENUM_CONVERSION = YES;
				CLANG_WARN_INFINITE_RECURSION = YES;
				CLANG_WARN_INT_CONVERSION = YES;
				CLANG_WARN_NON_LITERAL_NULL_CONVERSION = YES;
				CLANG_WARN_OBJC_IMPLICIT_RETAIN_SELF = YES;
				CLANG_WARN_OBJC_LITERAL_CONVERSION = YES;
				CLANG_WARN_OBJC_ROOT_CLASS = YES_ERROR;
				CLANG_WARN_QUOTED_INCLUDE_IN_FRAMEWORK_HEADER = YES;
				CLANG_WARN_RANGE_LOOP_ANALYSIS = YES;
				CLANG_WARN_STRICT_PROTOTYPES = YES;
				CLANG_WARN_SUSPICIOUS_MOVE = YES;
				CLANG_WARN_UNGUARDED_AVAILABILITY = YES_AGGRESSIVE;
				CLANG_WARN_UNREACHABLE_CODE = YES;
				CLANG_WARN__DUPLICATE_METHOD_MATCH = YES;
				COPY_PHASE_STRIP = NO;
				DEBUG_INFORMATION_FORMAT = dwarf;
				ENABLE_STRICT_OBJC_MSGSEND = YES;
				ENABLE_TESTABILITY = YES;
				ENABLE_USER_SCRIPT_SANDBOXING = YES;
				GCC_C_LANGUAGE_STANDARD = gnu17;
				GCC_DYNAMIC_NO_PIC = NO;
				GCC_NO_COMMON_BLOCKS = YES;
				GCC_OPTIMIZATION_LEVEL = 0;
				GCC_PREPROCESSOR_DEFINITIONS = (
					"DEBUG=1",
					"$(inherited)",
				);
				GCC_WARN_64_TO_32_BIT_CONVERSION = YES;
				GCC_WARN_ABOUT_RETURN_TYPE = YES_ERROR;
				GCC_WARN_UNDECLARED_SELECTOR = YES;
				GCC_WARN_UNINITIALIZED_AUTOS = YES_AGGRESSIVE;
				GCC_WARN_UNUSED_FUNCTION = YES;
				GCC_WARN_UNUSED_VARIABLE = YES;
				IPHONEOS_DEPLOYMENT_TARGET = 16.0;
				LOCALIZATION_PREFERS_STRING_CATALOGS = YES;
				MTL_ENABLE_DEBUG_INFO = INCLUDE_SOURCE;
				MTL_FAST_MATH = YES;
				ONLY_ACTIVE_ARCH = YES;
				SDKROOT = iphoneos;
				SWIFT_ACTIVE_COMPILATION_CONDITIONS = "DEBUG $(inherited)";
				SWIFT_OPTIMIZATION_LEVEL = "-Onone";
			};
			name = Debug;
		};
		AE5F71CC2B0411D600992CB7 /* Release */ = {
			isa = XCBuildConfiguration;
			buildSettings = {
				ALWAYS_SEARCH_USER_PATHS = NO;
				ASSETCATALOG_COMPILER_GENERATE_SWIFT_ASSET_SYMBOL_EXTENSIONS = YES;
				CLANG_ANALYZER_NONNULL = YES;
				CLANG_ANALYZER_NUMBER_OBJECT_CONVERSION = YES_AGGRESSIVE;
				CLANG_CXX_LANGUAGE_STANDARD = "gnu++20";
				CLANG_ENABLE_MODULES = YES;
				CLANG_ENABLE_OBJC_ARC = YES;
				CLANG_ENABLE_OBJC_WEAK = YES;
				CLANG_WARN_BLOCK_CAPTURE_AUTORELEASING = YES;
				CLANG_WARN_BOOL_CONVERSION = YES;
				CLANG_WARN_COMMA = YES;
				CLANG_WARN_CONSTANT_CONVERSION = YES;
				CLANG_WARN_DEPRECATED_OBJC_IMPLEMENTATIONS = YES;
				CLANG_WARN_DIRECT_OBJC_ISA_USAGE = YES_ERROR;
				CLANG_WARN_DOCUMENTATION_COMMENTS = YES;
				CLANG_WARN_EMPTY_BODY = YES;
				CLANG_WARN_ENUM_CONVERSION = YES;
				CLANG_WARN_INFINITE_RECURSION = YES;
				CLANG_WARN_INT_CONVERSION = YES;
				CLANG_WARN_NON_LITERAL_NULL_CONVERSION = YES;
				CLANG_WARN_OBJC_IMPLICIT_RETAIN_SELF = YES;
				CLANG_WARN_OBJC_LITERAL_CONVERSION = YES;
				CLANG_WARN_OBJC_ROOT_CLASS = YES_ERROR;
				CLANG_WARN_QUOTED_INCLUDE_IN_FRAMEWORK_HEADER = YES;
				CLANG_WARN_RANGE_LOOP_ANALYSIS = YES;
				CLANG_WARN_STRICT_PROTOTYPES = YES;
				CLANG_WARN_SUSPICIOUS_MOVE = YES;
				CLANG_WARN_UNGUARDED_AVAILABILITY = YES_AGGRESSIVE;
				CLANG_WARN_UNREACHABLE_CODE = YES;
				CLANG_WARN__DUPLICATE_METHOD_MATCH = YES;
				COPY_PHASE_STRIP = NO;
				DEBUG_INFORMATION_FORMAT = "dwarf-with-dsym";
				ENABLE_NS_ASSERTIONS = NO;
				ENABLE_STRICT_OBJC_MSGSEND = YES;
				ENABLE_USER_SCRIPT_SANDBOXING = YES;
				GCC_C_LANGUAGE_STANDARD = gnu17;
				GCC_NO_COMMON_BLOCKS = YES;
				GCC_WARN_64_TO_32_BIT_CONVERSION = YES;
				GCC_WARN_ABOUT_RETURN_TYPE = YES_ERROR;
				GCC_WARN_UNDECLARED_SELECTOR = YES;
				GCC_WARN_UNINITIALIZED_AUTOS = YES_AGGRESSIVE;
				GCC_WARN_UNUSED_FUNCTION = YES;
				GCC_WARN_UNUSED_VARIABLE = YES;
				IPHONEOS_DEPLOYMENT_TARGET = 16.0;
				LOCALIZATION_PREFERS_STRING_CATALOGS = YES;
				MTL_ENABLE_DEBUG_INFO = NO;
				MTL_FAST_MATH = YES;
				SDKROOT = iphoneos;
				SWIFT_COMPILATION_MODE = wholemodule;
				VALIDATE_PRODUCT = YES;
			};
			name = Release;
		};
		AE5F71CE2B0411D600992CB7 /* Debug */ = {
			isa = XCBuildConfiguration;
			buildSettings = {
				ASSETCATALOG_COMPILER_APPICON_NAME = AppIcon;
				ASSETCATALOG_COMPILER_GLOBAL_ACCENT_COLOR_NAME = AccentColor;
				CODE_SIGN_STYLE = Automatic;
				CURRENT_PROJECT_VERSION = 3;
				DEVELOPMENT_ASSET_PATHS = "\"OverwatchAPI/Preview Content\"";
				DEVELOPMENT_TEAM = HFR7W36699;
				ENABLE_PREVIEWS = YES;
				GENERATE_INFOPLIST_FILE = YES;
				INFOPLIST_KEY_UIApplicationSceneManifest_Generation = YES;
				INFOPLIST_KEY_UIApplicationSupportsIndirectInputEvents = YES;
				INFOPLIST_KEY_UILaunchScreen_Generation = YES;
				INFOPLIST_KEY_UISupportedInterfaceOrientations_iPad = "UIInterfaceOrientationPortrait UIInterfaceOrientationPortraitUpsideDown UIInterfaceOrientationLandscapeLeft UIInterfaceOrientationLandscapeRight";
				INFOPLIST_KEY_UISupportedInterfaceOrientations_iPhone = "UIInterfaceOrientationPortrait UIInterfaceOrientationLandscapeLeft UIInterfaceOrientationLandscapeRight";
				IPHONEOS_DEPLOYMENT_TARGET = 16.0;
				LD_RUNPATH_SEARCH_PATHS = (
					"$(inherited)",
					"@executable_path/Frameworks",
				);
				MARKETING_VERSION = 1.0.1;
				PRODUCT_BUNDLE_IDENTIFIER = com.sebin.identifier.OverwatchAPI;
				PRODUCT_NAME = "$(TARGET_NAME)";
				SWIFT_EMIT_LOC_STRINGS = YES;
				SWIFT_VERSION = 5.0;
				TARGETED_DEVICE_FAMILY = 1;
			};
			name = Debug;
		};
		AE5F71CF2B0411D600992CB7 /* Release */ = {
			isa = XCBuildConfiguration;
			buildSettings = {
				ASSETCATALOG_COMPILER_APPICON_NAME = AppIcon;
				ASSETCATALOG_COMPILER_GLOBAL_ACCENT_COLOR_NAME = AccentColor;
				CODE_SIGN_STYLE = Automatic;
				CURRENT_PROJECT_VERSION = 3;
				DEVELOPMENT_ASSET_PATHS = "\"OverwatchAPI/Preview Content\"";
				DEVELOPMENT_TEAM = HFR7W36699;
				ENABLE_PREVIEWS = YES;
				GENERATE_INFOPLIST_FILE = YES;
				INFOPLIST_KEY_UIApplicationSceneManifest_Generation = YES;
				INFOPLIST_KEY_UIApplicationSupportsIndirectInputEvents = YES;
				INFOPLIST_KEY_UILaunchScreen_Generation = YES;
				INFOPLIST_KEY_UISupportedInterfaceOrientations_iPad = "UIInterfaceOrientationPortrait UIInterfaceOrientationPortraitUpsideDown UIInterfaceOrientationLandscapeLeft UIInterfaceOrientationLandscapeRight";
				INFOPLIST_KEY_UISupportedInterfaceOrientations_iPhone = "UIInterfaceOrientationPortrait UIInterfaceOrientationLandscapeLeft UIInterfaceOrientationLandscapeRight";
				IPHONEOS_DEPLOYMENT_TARGET = 16.0;
				LD_RUNPATH_SEARCH_PATHS = (
					"$(inherited)",
					"@executable_path/Frameworks",
				);
				MARKETING_VERSION = 1.0.1;
				PRODUCT_BUNDLE_IDENTIFIER = com.sebin.identifier.OverwatchAPI;
				PRODUCT_NAME = "$(TARGET_NAME)";
				SWIFT_EMIT_LOC_STRINGS = YES;
				SWIFT_VERSION = 5.0;
				TARGETED_DEVICE_FAMILY = 1;
			};
			name = Release;
		};
/* End XCBuildConfiguration section */

/* Begin XCConfigurationList section */
		AE5F71BA2B0411D500992CB7 /* Build configuration list for PBXProject "OverwatchAPI" */ = {
			isa = XCConfigurationList;
			buildConfigurations = (
				AE5F71CB2B0411D600992CB7 /* Debug */,
				AE5F71CC2B0411D600992CB7 /* Release */,
			);
			defaultConfigurationIsVisible = 0;
			defaultConfigurationName = Release;
		};
		AE5F71CD2B0411D600992CB7 /* Build configuration list for PBXNativeTarget "OverwatchAPI" */ = {
			isa = XCConfigurationList;
			buildConfigurations = (
				AE5F71CE2B0411D600992CB7 /* Debug */,
				AE5F71CF2B0411D600992CB7 /* Release */,
			);
			defaultConfigurationIsVisible = 0;
			defaultConfigurationName = Release;
		};
/* End XCConfigurationList section */
	};
	rootObject = AE5F71B72B0411D500992CB7 /* Project object */;
}
